# THIS IS AN AUTOGENERATED FILE. DO NOT EDIT THIS FILE DIRECTLY.
# yarn lockfile v1


react-native-picker-module-typescript@^0.1.2:
  version "0.1.2"
  resolved "https://registry.yarnpkg.com/react-native-picker-module-typescript/-/react-native-picker-module-typescript-0.1.2.tgz#fedde1d98c017a982ac584880ca7292f65853fad"
  integrity sha512-/BaHUHKKxMsRgL+qCxqOuBOQRpMoPin1ndI2thwbatXXJaM3gthHtUGMJDnaRFHqLUIrNZE9rtPNbtujmfwZRQ==
